// !$*UTF8*$!
{
	archiveVersion = 1;
	classes = {
	};
	objectVersion = 77;
	objects = {

/* Begin PBXContainerItemProxy section */
		1BD944C02CE35A0100E8D813 /* PBXContainerItemProxy */ = {
			isa = PBXContainerItemProxy;
			containerPortal = 1BD944A72CE359FE00E8D813 /* Project object */;
			proxyType = 1;
			remoteGlobalIDString = 1BD944AE2CE359FF00E8D813;
			remoteInfo = WorldHolidaysApp;
		};
		1BD944CA2CE35A0100E8D813 /* PBXContainerItemProxy */ = {
			isa = PBXContainerItemProxy;
			containerPortal = 1BD944A72CE359FE00E8D813 /* Project object */;
			proxyType = 1;
			remoteGlobalIDString = 1BD944AE2CE359FF00E8D813;
			remoteInfo = WorldHolidaysApp;
		};
/* End PBXContainerItemProxy section */

/* Begin PBXFileReference section */
		1BD944AF2CE359FF00E8D813 /* WorldHolidaysApp.app */ = {isa = PBXFileReference; explicitFileType = wrapper.application; includeInIndex = 0; path = WorldHolidaysApp.app; sourceTree = BUILT_PRODUCTS_DIR; };
		1BD944BF2CE35A0100E8D813 /* WorldHolidaysAppTests.xctest */ = {isa = PBXFileReference; explicitFileType = wrapper.cfbundle; includeInIndex = 0; path = WorldHolidaysAppTests.xctest; sourceTree = BUILT_PRODUCTS_DIR; };
		1BD944C92CE35A0100E8D813 /* WorldHolidaysAppUITests.xctest */ = {isa = PBXFileReference; explicitFileType = wrapper.cfbundle; includeInIndex = 0; path = WorldHolidaysAppUITests.xctest; sourceTree = BUILT_PRODUCTS_DIR; };
/* End PBXFileReference section */

/* Begin PBXFileSystemSynchronizedRootGroup section */
		1BD944B12CE359FF00E8D813 /* WorldHolidaysApp */ = {
			isa = PBXFileSystemSynchronizedRootGroup;
			path = WorldHolidaysApp;
			sourceTree = "<group>";
		};
		1BD944C22CE35A0100E8D813 /* WorldHolidaysAppTests */ = {
			isa = PBXFileSystemSynchronizedRootGroup;
			path = WorldHolidaysAppTests;
			sourceTree = "<group>";
		};
		1BD944CC2CE35A0100E8D813 /* WorldHolidaysAppUITests */ = {
			isa = PBXFileSystemSynchronizedRootGroup;
			path = WorldHolidaysAppUITests;
			sourceTree = "<group>";
		};
/* End PBXFileSystemSynchronizedRootGroup section */

/* Begin PBXFrameworksBuildPhase section */
		1BD944AC2CE359FF00E8D813 /* Frameworks */ = {
			isa = PBXFrameworksBuildPhase;
			buildActionMask = 2147483647;
			files = (
			);
			runOnlyForDeploymentPostprocessing = 0;
		};
		1BD944BC2CE35A0100E8D813 /* Frameworks */ = {
			isa = PBXFrameworksBuildPhase;
			buildActionMask = 2147483647;
			files = (
			);
			runOnlyForDeploymentPostprocessing = 0;
		};
		1BD944C62CE35A0100E8D813 /* Frameworks */ = {
			isa = PBXFrameworksBuildPhase;
			buildActionMask = 2147483647;
			files = (
			);
			runOnlyForDeploymentPostprocessing = 0;
		};
/* End PBXFrameworksBuildPhase section */

/* Begin PBXGroup section */
		1BD944A62CE359FE00E8D813 = {
			isa = PBXGroup;
			children = (
				1BD944B12CE359FF00E8D813 /* WorldHolidaysApp */,
				1BD944C22CE35A0100E8D813 /* WorldHolidaysAppTests */,
				1BD944CC2CE35A0100E8D813 /* WorldHolidaysAppUITests */,
				1BD944B02CE359FF00E8D813 /* Products */,
			);
			sourceTree = "<group>";
		};
		1BD944B02CE359FF00E8D813 /* Products */ = {
			isa = PBXGroup;
			children = (
				1BD944AF2CE359FF00E8D813 /* WorldHolidaysApp.app */,
				1BD944BF2CE35A0100E8D813 /* WorldHolidaysAppTests.xctest */,
				1BD944C92CE35A0100E8D813 /* WorldHolidaysAppUITests.xctest */,
			);
			name = Products;
			sourceTree = "<group>";
		};
/* End PBXGroup section */

/* Begin PBXNativeTarget section */
		1BD944AE2CE359FF00E8D813 /* WorldHolidaysApp */ = {
			isa = PBXNativeTarget;
			buildConfigurationList = 1BD944D32CE35A0100E8D813 /* Build configuration list for PBXNativeTarget "WorldHolidaysApp" */;
			buildPhases = (
				1BD944AB2CE359FF00E8D813 /* Sources */,
				1BD944AC2CE359FF00E8D813 /* Frameworks */,
				1BD944AD2CE359FF00E8D813 /* Resources */,
			);
			buildRules = (
			);
			dependencies = (
			);
			fileSystemSynchronizedGroups = (
				1BD944B12CE359FF00E8D813 /* WorldHolidaysApp */,
			);
			name = WorldHolidaysApp;
			packageProductDependencies = (
			);
			productName = WorldHolidaysApp;
			productReference = 1BD944AF2CE359FF00E8D813 /* WorldHolidaysApp.app */;
			productType = "com.apple.product-type.application";
		};
		1BD944BE2CE35A0100E8D813 /* WorldHolidaysAppTests */ = {
			isa = PBXNativeTarget;
			buildConfigurationList = 1BD944D62CE35A0100E8D813 /* Build configuration list for PBXNativeTarget "WorldHolidaysAppTests" */;
			buildPhases = (
				1BD944BB2CE35A0100E8D813 /* Sources */,
				1BD944BC2CE35A0100E8D813 /* Frameworks */,
				1BD944BD2CE35A0100E8D813 /* Resources */,
			);
			buildRules = (
			);
			dependencies = (
				1BD944C12CE35A0100E8D813 /* PBXTargetDependency */,
			);
			fileSystemSynchronizedGroups = (
				1BD944C22CE35A0100E8D813 /* WorldHolidaysAppTests */,
			);
			name = WorldHolidaysAppTests;
			packageProductDependencies = (
			);
			productName = WorldHolidaysAppTests;
			productReference = 1BD944BF2CE35A0100E8D813 /* WorldHolidaysAppTests.xctest */;
			productType = "com.apple.product-type.bundle.unit-test";
		};
		1BD944C82CE35A0100E8D813 /* WorldHolidaysAppUITests */ = {
			isa = PBXNativeTarget;
			buildConfigurationList = 1BD944D92CE35A0100E8D813 /* Build configuration list for PBXNativeTarget "WorldHolidaysAppUITests" */;
			buildPhases = (
				1BD944C52CE35A0100E8D813 /* Sources */,
				1BD944C62CE35A0100E8D813 /* Frameworks */,
				1BD944C72CE35A0100E8D813 /* Resources */,
			);
			buildRules = (
			);
			dependencies = (
				1BD944CB2CE35A0100E8D813 /* PBXTargetDependency */,
			);
			fileSystemSynchronizedGroups = (
				1BD944CC2CE35A0100E8D813 /* WorldHolidaysAppUITests */,
			);
			name = WorldHolidaysAppUITests;
			packageProductDependencies = (
			);
			productName = WorldHolidaysAppUITests;
			productReference = 1BD944C92CE35A0100E8D813 /* WorldHolidaysAppUITests.xctest */;
			productType = "com.apple.product-type.bundle.ui-testing";
		};
/* End PBXNativeTarget section */

/* Begin PBXProject section */
		1BD944A72CE359FE00E8D813 /* Project object */ = {
			isa = PBXProject;
			attributes = {
				BuildIndependentTargetsInParallel = 1;
				LastSwiftUpdateCheck = 1610;
				LastUpgradeCheck = 1610;
				TargetAttributes = {
					1BD944AE2CE359FF00E8D813 = {
						CreatedOnToolsVersion = 16.1;
					};
					1BD944BE2CE35A0100E8D813 = {
						CreatedOnToolsVersion = 16.1;
						TestTargetID = 1BD944AE2CE359FF00E8D813;
					};
					1BD944C82CE35A0100E8D813 = {
						CreatedOnToolsVersion = 16.1;
						TestTargetID = 1BD944AE2CE359FF00E8D813;
					};
				};
			};
			buildConfigurationList = 1BD944AA2CE359FE00E8D813 /* Build configuration list for PBXProject "WorldHolidaysApp" */;
			developmentRegion = en;
			hasScannedForEncodings = 0;
			knownRegions = (
				en,
				Base,
				de,
				fr,
				it,
				ru,
				es,
				pl,
			);
			mainGroup = 1BD944A62CE359FE00E8D813;
			minimizedProjectReferenceProxies = 1;
			packageReferences = (
				1BD944DC2CE35CEE00E8D813 /* XCRemoteSwiftPackageReference "swift-async-algorithms" */,
				1BD944DD2CE35E0500E8D813 /* XCRemoteSwiftPackageReference "SwiftDate" */,
			);
			preferredProjectObjectVersion = 77;
			productRefGroup = 1BD944B02CE359FF00E8D813 /* Products */;
			projectDirPath = "";
			projectRoot = "";
			targets = (
				1BD944AE2CE359FF00E8D813 /* WorldHolidaysApp */,
				1BD944BE2CE35A0100E8D813 /* WorldHolidaysAppTests */,
				1BD944C82CE35A0100E8D813 /* WorldHolidaysAppUITests */,
			);
		};
/* End PBXProject section */

/* Begin PBXResourcesBuildPhase section */
		1BD944AD2CE359FF00E8D813 /* Resources */ = {
			isa = PBXResourcesBuildPhase;
			buildActionMask = 2147483647;
			files = (
			);
			runOnlyForDeploymentPostprocessing = 0;
		};
		1BD944BD2CE35A0100E8D813 /* Resources */ = {
			isa = PBXResourcesBuildPhase;
			buildActionMask = 2147483647;
			files = (
			);
			runOnlyForDeploymentPostprocessing = 0;
		};
		1BD944C72CE35A0100E8D813 /* Resources */ = {
			isa = PBXResourcesBuildPhase;
			buildActionMask = 2147483647;
			files = (
			);
			runOnlyForDeploymentPostprocessing = 0;
		};
/* End PBXResourcesBuildPhase section */

/* Begin PBXSourcesBuildPhase section */
		1BD944AB2CE359FF00E8D813 /* Sources */ = {
			isa = PBXSourcesBuildPhase;
			buildActionMask = 2147483647;
			files = (
			);
			runOnlyForDeploymentPostprocessing = 0;
		};
		1BD944BB2CE35A0100E8D813 /* Sources */ = {
			isa = PBXSourcesBuildPhase;
			buildActionMask = 2147483647;
			files = (
			);
			runOnlyForDeploymentPostprocessing = 0;
		};
		1BD944C52CE35A0100E8D813 /* Sources */ = {
			isa = PBXSourcesBuildPhase;
			buildActionMask = 2147483647;
			files = (
			);
			runOnlyForDeploymentPostprocessing = 0;
		};
/* End PBXSourcesBuildPhase section */

/* Begin PBXTargetDependency section */
		1BD944C12CE35A0100E8D813 /* PBXTargetDependency */ = {
			isa = PBXTargetDependency;
			target = 1BD944AE2CE359FF00E8D813 /* WorldHolidaysApp */;
			targetProxy = 1BD944C02CE35A0100E8D813 /* PBXContainerItemProxy */;
		};
		1BD944CB2CE35A0100E8D813 /* PBXTargetDependency */ = {
			isa = PBXTargetDependency;
			target = 1BD944AE2CE359FF00E8D813 /* WorldHolidaysApp */;
			targetProxy = 1BD944CA2CE35A0100E8D813 /* PBXContainerItemProxy */;
		};
/* End PBXTargetDependency section */

/* Begin XCBuildConfiguration section */
		1BD944D12CE35A0100E8D813 /* Debug */ = {
			isa = XCBuildConfiguration;
			buildSettings = {
				ALWAYS_SEARCH_USER_PATHS = NO;
				ASSETCATALOG_COMPILER_GENERATE_SWIFT_ASSET_SYMBOL_EXTENSIONS = YES;
				CLANG_ANALYZER_NONNULL = YES;
				CLANG_ANALYZER_NUMBER_OBJECT_CONVERSION = YES_AGGRESSIVE;
				CLANG_CXX_LANGUAGE_STANDARD = "gnu++20";
				CLANG_ENABLE_MODULES = YES;
				CLANG_ENABLE_OBJC_ARC = YES;
				CLANG_ENABLE_OBJC_WEAK = YES;
				CLANG_WARN_BLOCK_CAPTURE_AUTORELEASING = YES;
				CLANG_WARN_BOOL_CONVERSION = YES;
				CLANG_WARN_COMMA = YES;
				CLANG_WARN_CONSTANT_CONVERSION = YES;
				CLANG_WARN_DEPRECATED_OBJC_IMPLEMENTATIONS = YES;
				CLANG_WARN_DIRECT_OBJC_ISA_USAGE = YES_ERROR;
				CLANG_WARN_DOCUMENTATION_COMMENTS = YES;
				CLANG_WARN_EMPTY_BODY = YES;
				CLANG_WARN_ENUM_CONVERSION = YES;
				CLANG_WARN_INFINITE_RECURSION = YES;
				CLANG_WARN_INT_CONVERSION = YES;
				CLANG_WARN_NON_LITERAL_NULL_CONVERSION = YES;
				CLANG_WARN_OBJC_IMPLICIT_RETAIN_SELF = YES;
				CLANG_WARN_OBJC_LITERAL_CONVERSION = YES;
				CLANG_WARN_OBJC_ROOT_CLASS = YES_ERROR;
				CLANG_WARN_QUOTED_INCLUDE_IN_FRAMEWORK_HEADER = YES;
				CLANG_WARN_RANGE_LOOP_ANALYSIS = YES;
				CLANG_WARN_STRICT_PROTOTYPES = YES;
				CLANG_WARN_SUSPICIOUS_MOVE = YES;
				CLANG_WARN_UNGUARDED_AVAILABILITY = YES_AGGRESSIVE;
				CLANG_WARN_UNREACHABLE_CODE = YES;
				CLANG_WARN__DUPLICATE_METHOD_MATCH = YES;
				COPY_PHASE_STRIP = NO;
				DEBUG_INFORMATION_FORMAT = dwarf;
				ENABLE_STRICT_OBJC_MSGSEND = YES;
				ENABLE_TESTABILITY = YES;
				ENABLE_USER_SCRIPT_SANDBOXING = YES;
				GCC_C_LANGUAGE_STANDARD = gnu17;
				GCC_DYNAMIC_NO_PIC = NO;
				GCC_NO_COMMON_BLOCKS = YES;
				GCC_OPTIMIZATION_LEVEL = 0;
				GCC_PREPROCESSOR_DEFINITIONS = (
					"DEBUG=1",
					"$(inherited)",
				);
				GCC_WARN_64_TO_32_BIT_CONVERSION = YES;
				GCC_WARN_ABOUT_RETURN_TYPE = YES_ERROR;
				GCC_WARN_UNDECLARED_SELECTOR = YES;
				GCC_WARN_UNINITIALIZED_AUTOS = YES_AGGRESSIVE;
				GCC_WARN_UNUSED_FUNCTION = YES;
				GCC_WARN_UNUSED_VARIABLE = YES;
				IPHONEOS_DEPLOYMENT_TARGET = 18.1;
				LOCALIZATION_PREFERS_STRING_CATALOGS = YES;
				MTL_ENABLE_DEBUG_INFO = INCLUDE_SOURCE;
				MTL_FAST_MATH = YES;
				ONLY_ACTIVE_ARCH = YES;
				SDKROOT = iphoneos;
				SWIFT_ACTIVE_COMPILATION_CONDITIONS = "DEBUG $(inherited)";
				SWIFT_OPTIMIZATION_LEVEL = "-Onone";
			};
			name = Debug;
		};
		1BD944D22CE35A0100E8D813 /* Release */ = {
			isa = XCBuildConfiguration;
			buildSettings = {
				ALWAYS_SEARCH_USER_PATHS = NO;
				ASSETCATALOG_COMPILER_GENERATE_SWIFT_ASSET_SYMBOL_EXTENSIONS = YES;
				CLANG_ANALYZER_NONNULL = YES;
				CLANG_ANALYZER_NUMBER_OBJECT_CONVERSION = YES_AGGRESSIVE;
				CLANG_CXX_LANGUAGE_STANDARD = "gnu++20";
				CLANG_ENABLE_MODULES = YES;
				CLANG_ENABLE_OBJC_ARC = YES;
				CLANG_ENABLE_OBJC_WEAK = YES;
				CLANG_WARN_BLOCK_CAPTURE_AUTORELEASING = YES;
				CLANG_WARN_BOOL_CONVERSION = YES;
				CLANG_WARN_COMMA = YES;
				CLANG_WARN_CONSTANT_CONVERSION = YES;
				CLANG_WARN_DEPRECATED_OBJC_IMPLEMENTATIONS = YES;
				CLANG_WARN_DIRECT_OBJC_ISA_USAGE = YES_ERROR;
				CLANG_WARN_DOCUMENTATION_COMMENTS = YES;
				CLANG_WARN_EMPTY_BODY = YES;
				CLANG_WARN_ENUM_CONVERSION = YES;
				CLANG_WARN_INFINITE_RECURSION = YES;
				CLANG_WARN_INT_CONVERSION = YES;
				CLANG_WARN_NON_LITERAL_NULL_CONVERSION = YES;
				CLANG_WARN_OBJC_IMPLICIT_RETAIN_SELF = YES;
				CLANG_WARN_OBJC_LITERAL_CONVERSION = YES;
				CLANG_WARN_OBJC_ROOT_CLASS = YES_ERROR;
				CLANG_WARN_QUOTED_INCLUDE_IN_FRAMEWORK_HEADER = YES;
				CLANG_WARN_RANGE_LOOP_ANALYSIS = YES;
				CLANG_WARN_STRICT_PROTOTYPES = YES;
				CLANG_WARN_SUSPICIOUS_MOVE = YES;
				CLANG_WARN_UNGUARDED_AVAILABILITY = YES_AGGRESSIVE;
				CLANG_WARN_UNREACHABLE_CODE = YES;
				CLANG_WARN__DUPLICATE_METHOD_MATCH = YES;
				COPY_PHASE_STRIP = NO;
				DEBUG_INFORMATION_FORMAT = "dwarf-with-dsym";
				ENABLE_NS_ASSERTIONS = NO;
				ENABLE_STRICT_OBJC_MSGSEND = YES;
				ENABLE_USER_SCRIPT_SANDBOXING = YES;
				GCC_C_LANGUAGE_STANDARD = gnu17;
				GCC_NO_COMMON_BLOCKS = YES;
				GCC_WARN_64_TO_32_BIT_CONVERSION = YES;
				GCC_WARN_ABOUT_RETURN_TYPE = YES_ERROR;
				GCC_WARN_UNDECLARED_SELECTOR = YES;
				GCC_WARN_UNINITIALIZED_AUTOS = YES_AGGRESSIVE;
				GCC_WARN_UNUSED_FUNCTION = YES;
				GCC_WARN_UNUSED_VARIABLE = YES;
				IPHONEOS_DEPLOYMENT_TARGET = 18.1;
				LOCALIZATION_PREFERS_STRING_CATALOGS = YES;
				MTL_ENABLE_DEBUG_INFO = NO;
				MTL_FAST_MATH = YES;
				SDKROOT = iphoneos;
				SWIFT_COMPILATION_MODE = wholemodule;
				VALIDATE_PRODUCT = YES;
			};
			name = Release;
		};
		1BD944D42CE35A0100E8D813 /* Debug */ = {
			isa = XCBuildConfiguration;
			buildSettings = {
				ASSETCATALOG_COMPILER_APPICON_NAME = AppIcon;
				ASSETCATALOG_COMPILER_GLOBAL_ACCENT_COLOR_NAME = AccentColor;
				CODE_SIGN_STYLE = Automatic;
				CURRENT_PROJECT_VERSION = 1;
				DEVELOPMENT_ASSET_PATHS = "\"WorldHolidaysApp/Preview Content\"";
				DEVELOPMENT_TEAM = T4S8AB5682;
				ENABLE_PREVIEWS = YES;
				GENERATE_INFOPLIST_FILE = YES;
				INFOPLIST_KEY_UIApplicationSceneManifest_Generation = YES;
				INFOPLIST_KEY_UIApplicationSupportsIndirectInputEvents = YES;
				INFOPLIST_KEY_UILaunchScreen_Generation = YES;
				INFOPLIST_KEY_UISupportedInterfaceOrientations_iPad = "UIInterfaceOrientationPortrait UIInterfaceOrientationPortraitUpsideDown UIInterfaceOrientationLandscapeLeft UIInterfaceOrientationLandscapeRight";
				INFOPLIST_KEY_UISupportedInterfaceOrientations_iPhone = "UIInterfaceOrientationPortrait UIInterfaceOrientationLandscapeLeft UIInterfaceOrientationLandscapeRight";
				LD_RUNPATH_SEARCH_PATHS = (
					"$(inherited)",
					"@executable_path/Frameworks",
				);
				MARKETING_VERSION = 1.0;
				PRODUCT_BUNDLE_IDENTIFIER = com.SergioMascarpone.WorldHolidaysApp;
				PRODUCT_NAME = "$(TARGET_NAME)";
				SWIFT_EMIT_LOC_STRINGS = YES;
				SWIFT_VERSION = 5.0;
				TARGETED_DEVICE_FAMILY = "1,2";
			};
			name = Debug;
		};
		1BD944D52CE35A0100E8D813 /* Release */ = {
			isa = XCBuildConfiguration;
			buildSettings = {
				ASSETCATALOG_COMPILER_APPICON_NAME = AppIcon;
				ASSETCATALOG_COMPILER_GLOBAL_ACCENT_COLOR_NAME = AccentColor;
				CODE_SIGN_STYLE = Automatic;
				CURRENT_PROJECT_VERSION = 1;
				DEVELOPMENT_ASSET_PATHS = "\"WorldHolidaysApp/Preview Content\"";
				DEVELOPMENT_TEAM = T4S8AB5682;
				ENABLE_PREVIEWS = YES;
				GENERATE_INFOPLIST_FILE = YES;
				INFOPLIST_KEY_UIApplicationSceneManifest_Generation = YES;
				INFOPLIST_KEY_UIApplicationSupportsIndirectInputEvents = YES;
				INFOPLIST_KEY_UILaunchScreen_Generation = YES;
				INFOPLIST_KEY_UISupportedInterfaceOrientations_iPad = "UIInterfaceOrientationPortrait UIInterfaceOrientationPortraitUpsideDown UIInterfaceOrientationLandscapeLeft UIInterfaceOrientationLandscapeRight";
				INFOPLIST_KEY_UISupportedInterfaceOrientations_iPhone = "UIInterfaceOrientationPortrait UIInterfaceOrientationLandscapeLeft UIInterfaceOrientationLandscapeRight";
				LD_RUNPATH_SEARCH_PATHS = (
					"$(inherited)",
					"@executable_path/Frameworks",
				);
				MARKETING_VERSION = 1.0;
				PRODUCT_BUNDLE_IDENTIFIER = com.SergioMascarpone.WorldHolidaysApp;
				PRODUCT_NAME = "$(TARGET_NAME)";
				SWIFT_EMIT_LOC_STRINGS = YES;
				SWIFT_VERSION = 5.0;
				TARGETED_DEVICE_FAMILY = "1,2";
			};
			name = Release;
		};
		1BD944D72CE35A0100E8D813 /* Debug */ = {
			isa = XCBuildConfiguration;
			buildSettings = {
				BUNDLE_LOADER = "$(TEST_HOST)";
				CODE_SIGN_STYLE = Automatic;
				CURRENT_PROJECT_VERSION = 1;
				DEVELOPMENT_TEAM = T4S8AB5682;
				GENERATE_INFOPLIST_FILE = YES;
				IPHONEOS_DEPLOYMENT_TARGET = 18.1;
				MARKETING_VERSION = 1.0;
				PRODUCT_BUNDLE_IDENTIFIER = com.SergioMascarpone.WorldHolidaysAppTests;
				PRODUCT_NAME = "$(TARGET_NAME)";
				SWIFT_EMIT_LOC_STRINGS = NO;
				SWIFT_VERSION = 5.0;
				TARGETED_DEVICE_FAMILY = "1,2";
				TEST_HOST = "$(BUILT_PRODUCTS_DIR)/WorldHolidaysApp.app/$(BUNDLE_EXECUTABLE_FOLDER_PATH)/WorldHolidaysApp";
			};
			name = Debug;
		};
		1BD944D82CE35A0100E8D813 /* Release */ = {
			isa = XCBuildConfiguration;
			buildSettings = {
				BUNDLE_LOADER = "$(TEST_HOST)";
				CODE_SIGN_STYLE = Automatic;
				CURRENT_PROJECT_VERSION = 1;
				DEVELOPMENT_TEAM = T4S8AB5682;
				GENERATE_INFOPLIST_FILE = YES;
				IPHONEOS_DEPLOYMENT_TARGET = 18.1;
				MARKETING_VERSION = 1.0;
				PRODUCT_BUNDLE_IDENTIFIER = com.SergioMascarpone.WorldHolidaysAppTests;
				PRODUCT_NAME = "$(TARGET_NAME)";
				SWIFT_EMIT_LOC_STRINGS = NO;
				SWIFT_VERSION = 5.0;
				TARGETED_DEVICE_FAMILY = "1,2";
				TEST_HOST = "$(BUILT_PRODUCTS_DIR)/WorldHolidaysApp.app/$(BUNDLE_EXECUTABLE_FOLDER_PATH)/WorldHolidaysApp";
			};
			name = Release;
		};
		1BD944DA2CE35A0100E8D813 /* Debug */ = {
			isa = XCBuildConfiguration;
			buildSettings = {
				CODE_SIGN_STYLE = Automatic;
				CURRENT_PROJECT_VERSION = 1;
				DEVELOPMENT_TEAM = T4S8AB5682;
				GENERATE_INFOPLIST_FILE = YES;
				MARKETING_VERSION = 1.0;
				PRODUCT_BUNDLE_IDENTIFIER = com.SergioMascarpone.WorldHolidaysAppUITests;
				PRODUCT_NAME = "$(TARGET_NAME)";
				SWIFT_EMIT_LOC_STRINGS = NO;
				SWIFT_VERSION = 5.0;
				TARGETED_DEVICE_FAMILY = "1,2";
				TEST_TARGET_NAME = WorldHolidaysApp;
			};
			name = Debug;
		};
		1BD944DB2CE35A0100E8D813 /* Release */ = {
			isa = XCBuildConfiguration;
			buildSettings = {
				CODE_SIGN_STYLE = Automatic;
				CURRENT_PROJECT_VERSION = 1;
				DEVELOPMENT_TEAM = T4S8AB5682;
				GENERATE_INFOPLIST_FILE = YES;
				MARKETING_VERSION = 1.0;
				PRODUCT_BUNDLE_IDENTIFIER = com.SergioMascarpone.WorldHolidaysAppUITests;
				PRODUCT_NAME = "$(TARGET_NAME)";
				SWIFT_EMIT_LOC_STRINGS = NO;
				SWIFT_VERSION = 5.0;
				TARGETED_DEVICE_FAMILY = "1,2";
				TEST_TARGET_NAME = WorldHolidaysApp;
			};
			name = Release;
		};
/* End XCBuildConfiguration section */

/* Begin XCConfigurationList section */
		1BD944AA2CE359FE00E8D813 /* Build configuration list for PBXProject "WorldHolidaysApp" */ = {
			isa = XCConfigurationList;
			buildConfigurations = (
				1BD944D12CE35A0100E8D813 /* Debug */,
				1BD944D22CE35A0100E8D813 /* Release */,
			);
			defaultConfigurationIsVisible = 0;
			defaultConfigurationName = Release;
		};
		1BD944D32CE35A0100E8D813 /* Build configuration list for PBXNativeTarget "WorldHolidaysApp" */ = {
			isa = XCConfigurationList;
			buildConfigurations = (
				1BD944D42CE35A0100E8D813 /* Debug */,
				1BD944D52CE35A0100E8D813 /* Release */,
			);
			defaultConfigurationIsVisible = 0;
			defaultConfigurationName = Release;
		};
		1BD944D62CE35A0100E8D813 /* Build configuration list for PBXNativeTarget "WorldHolidaysAppTests" */ = {
			isa = XCConfigurationList;
			buildConfigurations = (
				1BD944D72CE35A0100E8D813 /* Debug */,
				1BD944D82CE35A0100E8D813 /* Release */,
			);
			defaultConfigurationIsVisible = 0;
			defaultConfigurationName = Release;
		};
		1BD944D92CE35A0100E8D813 /* Build configuration list for PBXNativeTarget "WorldHolidaysAppUITests" */ = {
			isa = XCConfigurationList;
			buildConfigurations = (
				1BD944DA2CE35A0100E8D813 /* Debug */,
				1BD944DB2CE35A0100E8D813 /* Release */,
			);
			defaultConfigurationIsVisible = 0;
			defaultConfigurationName = Release;
		};
/* End XCConfigurationList section */

/* Begin XCRemoteSwiftPackageReference section */
		1BD944DC2CE35CEE00E8D813 /* XCRemoteSwiftPackageReference "swift-async-algorithms" */ = {
			isa = XCRemoteSwiftPackageReference;
			repositoryURL = "https://github.com/apple/swift-async-algorithms.git";
			requirement = {
				kind = upToNextMajorVersion;
				minimumVersion = 1.0.2;
			};
		};
		1BD944DD2CE35E0500E8D813 /* XCRemoteSwiftPackageReference "SwiftDate" */ = {
			isa = XCRemoteSwiftPackageReference;
			repositoryURL = "https://github.com/malcommac/SwiftDate.git";
			requirement = {
				kind = upToNextMajorVersion;
				minimumVersion = 7.0.0;
			};
		};
/* End XCRemoteSwiftPackageReference section */
	};
	rootObject = 1BD944A72CE359FE00E8D813 /* Project object */;
}
